dependencies:
  espressif/esp-dsp:
    component_hash: ed9ac175b14e0414399a2b33c525579414b5bad19a2a67b12ea212def96f9a98
    dependencies:
    - name: idf
      require: private
      version: '>=4.2'
    source:
      registry_url: https://components.espressif.com/
      type: service
    version: 1.8.2
  idf:
    source:
      type: idf
    version: 6.0.1
  u8g2:
    component_hash: 1783aa7be4cc2166d3117d8783fd6fb3d0a556acf95a089429c0c111b53baf2e
    dependencies: []
    source:
      git: https://github.com/olikraus/u8g2.git
      path: .
      type: git
    version: ab9e48b2228351e9476682a70b7f3ee4909cd585
  u8g2-hal-esp-idf:
    component_hash: bd7dd91ffefe160069df6a5d340d9db65305f78922d75216eb24923568835873
    dependencies: []
    source:
      git: https://github.com/mkfrey/u8g2-hal-esp-idf.git
      path: .
      type: git
    version: 2367ad08909c7cceaa7a00ebd4ea6fd597a3da35
direct_dependencies:
- espressif/esp-dsp
- idf
- u8g2
- u8g2-hal-esp-idf
manifest_hash: 25233f4440ec430274f0c0f4e49c35608ebfa6975155c77cabb41d8e938534c2
target: esp32s3
version: 3.0.0
